
Microsoft Visual Studio Solution File, Format Version 12.00
# Visual Studio Version 17
VisualStudioVersion = 17.0.32112.339
MinimumVisualStudioVersion = 10.0.40219.1
Project("{9A19103F-16F7-4668-BE54-9A1E7A4F7556}") = "DirectNet.Net", "DirectNet.Net\DirectNet.Net.csproj", "{BBBB5D4F-2402-46E5-A0E5-416614B99F1C}"
EndProject
Project("{9A19103F-16F7-4668-BE54-9A1E7A4F7556}") = "DirectNet.Net.Test", "DirectNet.Net.Test\DirectNet.Net.Test.csproj", "{22A4BFF3-6027-4EA2-AD7A-D35908C60650}"
EndProject
Project("{9A19103F-16F7-4668-BE54-9A1E7A4F7556}") = "DirectNet.Net.Console", "DirectNet.Net.Console\DirectNet.Net.Console.csproj", "{A57579A2-1066-4C2F-97B8-5B2BACB281CF}"
EndProject
Project("{9A19103F-16F7-4668-BE54-9A1E7A4F7556}") = "DirectNet.Net.GUI", "DirectNet.Net.GUI\DirectNet.Net.GUI.csproj", "{5742EE27-56EB-4830-8B4A-F32F936283A5}"
EndProject
Project("{9A19103F-16F7-4668-BE54-9A1E7A4F7556}") = "ErabliereAPI.Proxy", "ErabliereAPI.Proxy\ErabliereAPI.Proxy.csproj", "{510640AC-E27F-4B94-8510-8311EBC494C6}"
EndProject
Project("{FAE04EC0-301F-11D3-BF4B-00C04F79EFBC}") = "CustomLogic.Common", "CustomLogic.Common\CustomLogic.Common.csproj", "{F5CECBF1-D9C6-4D21-B9AB-583DC43937FA}"
EndProject
Global
	GlobalSection(SolutionConfigurationPlatforms) = preSolution
		Debug|Any CPU = Debug|Any CPU
		Release|Any CPU = Release|Any CPU
	EndGlobalSection
	GlobalSection(ProjectConfigurationPlatforms) = postSolution
		{BBBB5D4F-2402-46E5-A0E5-416614B99F1C}.Debug|Any CPU.ActiveCfg = Debug|Any CPU
		{BBBB5D4F-2402-46E5-A0E5-416614B99F1C}.Debug|Any CPU.Build.0 = Debug|Any CPU
		{BBBB5D4F-2402-46E5-A0E5-416614B99F1C}.Release|Any CPU.ActiveCfg = Release|Any CPU
		{BBBB5D4F-2402-46E5-A0E5-416614B99F1C}.Release|Any CPU.Build.0 = Release|Any CPU
		{22A4BFF3-6027-4EA2-AD7A-D35908C60650}.Debug|Any CPU.ActiveCfg = Debug|Any CPU
		{22A4BFF3-6027-4EA2-AD7A-D35908C60650}.Debug|Any CPU.Build.0 = Debug|Any CPU
		{22A4BFF3-6027-4EA2-AD7A-D35908C60650}.Release|Any CPU.ActiveCfg = Release|Any CPU
		{22A4BFF3-6027-4EA2-AD7A-D35908C60650}.Release|Any CPU.Build.0 = Release|Any CPU
		{A57579A2-1066-4C2F-97B8-5B2BACB281CF}.Debug|Any CPU.ActiveCfg = Debug|Any CPU
		{A57579A2-1066-4C2F-97B8-5B2BACB281CF}.Debug|Any CPU.Build.0 = Debug|Any CPU
		{A57579A2-1066-4C2F-97B8-5B2BACB281CF}.Release|Any CPU.ActiveCfg = Release|Any CPU
		{A57579A2-1066-4C2F-97B8-5B2BACB281CF}.Release|Any CPU.Build.0 = Release|Any CPU
		{5742EE27-56EB-4830-8B4A-F32F936283A5}.Debug|Any CPU.ActiveCfg = Debug|Any CPU
		{5742EE27-56EB-4830-8B4A-F32F936283A5}.Debug|Any CPU.Build.0 = Debug|Any CPU
		{5742EE27-56EB-4830-8B4A-F32F936283A5}.Release|Any CPU.ActiveCfg = Release|Any CPU
		{5742EE27-56EB-4830-8B4A-F32F936283A5}.Release|Any CPU.Build.0 = Release|Any CPU
		{510640AC-E27F-4B94-8510-8311EBC494C6}.Debug|Any CPU.ActiveCfg = Debug|Any CPU
		{510640AC-E27F-4B94-8510-8311EBC494C6}.Debug|Any CPU.Build.0 = Debug|Any CPU
		{510640AC-E27F-4B94-8510-8311EBC494C6}.Release|Any CPU.ActiveCfg = Release|Any CPU
		{510640AC-E27F-4B94-8510-8311EBC494C6}.Release|Any CPU.Build.0 = Release|Any CPU
		{F5CECBF1-D9C6-4D21-B9AB-583DC43937FA}.Debug|Any CPU.ActiveCfg = Debug|Any CPU
		{F5CECBF1-D9C6-4D21-B9AB-583DC43937FA}.Debug|Any CPU.Build.0 = Debug|Any CPU
		{F5CECBF1-D9C6-4D21-B9AB-583DC43937FA}.Release|Any CPU.ActiveCfg = Release|Any CPU
		{F5CECBF1-D9C6-4D21-B9AB-583DC43937FA}.Release|Any CPU.Build.0 = Release|Any CPU
	EndGlobalSection
	GlobalSection(SolutionProperties) = preSolution
		HideSolutionNode = FALSE
	EndGlobalSection
	GlobalSection(ExtensibilityGlobals) = postSolution
		SolutionGuid = {48F85F25-865F-4370-B376-550E61CCD8A7}
	EndGlobalSection
EndGlobal
